
Microsoft Visual Studio Solution File, Format Version 12.00
Project("{FAE04EC0-301F-11D3-BF4B-00C04F79EFBC}") = "Acme.Hello.Platform", "Acme.Hello.Platform\Acme.Hello.Platform.csproj", "{42DC5F72-93A2-43EC-837D-4747355C2486}"
EndProject
Global
	GlobalSection(SolutionConfigurationPlatforms) = preSolution
		Debug|Any CPU = Debug|Any CPU
		Release|Any CPU = Release|Any CPU
	EndGlobalSection
	GlobalSection(ProjectConfigurationPlatforms) = postSolution
		{42DC5F72-93A2-43EC-837D-4747355C2486}.Debug|Any CPU.ActiveCfg = Debug|Any CPU
		{42DC5F72-93A2-43EC-837D-4747355C2486}.Debug|Any CPU.Build.0 = Debug|Any CPU
		{42DC5F72-93A2-43EC-837D-4747355C2486}.Release|Any CPU.ActiveCfg = Release|Any CPU
		{42DC5F72-93A2-43EC-837D-4747355C2486}.Release|Any CPU.Build.0 = Release|Any CPU
	EndGlobalSection
EndGlobal
